
Microsoft Visual Studio Solution File, Format Version 12.00
# Visual Studio Version 16
VisualStudioVersion = 16.0.30911.218
MinimumVisualStudioVersion = 10.0.40219.1
Project("{FAE04EC0-301F-11D3-BF4B-00C04F79EFBC}") = "ClassLibrary1", "ClassLibrary1\ClassLibrary1.csproj", "{D93DCE72-417F-4F71-8BC5-03CDB1932B9D}"
EndProject
Global
	GlobalSection(SolutionConfigurationPlatforms) = preSolution
		Debug|Any CPU = Debug|Any CPU
		Release|Any CPU = Release|Any CPU
	EndGlobalSection
	GlobalSection(ProjectConfigurationPlatforms) = postSolution
		{D93DCE72-417F-4F71-8BC5-03CDB1932B9D}.Debug|Any CPU.ActiveCfg = Debug|Any CPU
		{D93DCE72-417F-4F71-8BC5-03CDB1932B9D}.Debug|Any CPU.Build.0 = Debug|Any CPU
		{D93DCE72-417F-4F71-8BC5-03CDB1932B9D}.Release|Any CPU.ActiveCfg = Release|Any CPU
		{D93DCE72-417F-4F71-8BC5-03CDB1932B9D}.Release|Any CPU.Build.0 = Release|Any CPU
	EndGlobalSection
	GlobalSection(SolutionProperties) = preSolution
		HideSolutionNode = FALSE
	EndGlobalSection
	GlobalSection(ExtensibilityGlobals) = postSolution
		SolutionGuid = {F67E648A-4693-4494-8C38-B2735AC8DADE}
	EndGlobalSection
EndGlobal
